
Microsoft Visual Studio Solution File, Format Version 12.00
# Visual Studio 15
VisualStudioVersion = 15.0.28010.2050
MinimumVisualStudioVersion = 10.0.40219.1
Project("{FAE04EC0-301F-11D3-BF4B-00C04F79EFBC}") = "InterfaceSelectionTool", "InterfaceSelectionTool\InterfaceSelectionTool.csproj", "{4BB37450-B00B-4FA5-A612-0AF73C98FD92}"
EndProject
Global
	GlobalSection(SolutionConfigurationPlatforms) = preSolution
		Debug|Any CPU = Debug|Any CPU
		Release|Any CPU = Release|Any CPU
	EndGlobalSection
	GlobalSection(ProjectConfigurationPlatforms) = postSolution
		{4BB37450-B00B-4FA5-A612-0AF73C98FD92}.Debug|Any CPU.ActiveCfg = Debug|Any CPU
		{4BB37450-B00B-4FA5-A612-0AF73C98FD92}.Debug|Any CPU.Build.0 = Debug|Any CPU
		{4BB37450-B00B-4FA5-A612-0AF73C98FD92}.Release|Any CPU.ActiveCfg = Release|Any CPU
		{4BB37450-B00B-4FA5-A612-0AF73C98FD92}.Release|Any CPU.Build.0 = Release|Any CPU
	EndGlobalSection
	GlobalSection(SolutionProperties) = preSolution
		HideSolutionNode = FALSE
	EndGlobalSection
	GlobalSection(ExtensibilityGlobals) = postSolution
		SolutionGuid = {5675EA8D-744B-458C-8A0D-1851EE5B1C95}
	EndGlobalSection
EndGlobal
